// !$*UTF8*$!
{
	archiveVersion = 1;
	classes = {
	};
	objectVersion = 46;
	objects = {

/* Begin PBXBuildFile section */
		40D25FD41F7EAD9F00D350DD /* AppDelegate.swift in Sources */ = {isa = PBXBuildFile; fileRef = 40D25FD31F7EAD9F00D350DD /* AppDelegate.swift */; };
		40D25FD61F7EAD9F00D350DD /* FeedController.swift in Sources */ = {isa = PBXBuildFile; fileRef = 40D25FD51F7EAD9F00D350DD /* FeedController.swift */; };
		40D25FDB1F7EAD9F00D350DD /* Assets.xcassets in Resources */ = {isa = PBXBuildFile; fileRef = 40D25FDA1F7EAD9F00D350DD /* Assets.xcassets */; };
		40D25FDE1F7EAD9F00D350DD /* LaunchScreen.storyboard in Resources */ = {isa = PBXBuildFile; fileRef = 40D25FDC1F7EAD9F00D350DD /* LaunchScreen.storyboard */; };
		40F2D4441F7EC60400634039 /* HistoryTableViewController.swift in Sources */ = {isa = PBXBuildFile; fileRef = 40F2D4431F7EC60400634039 /* HistoryTableViewController.swift */; };
/* End PBXBuildFile section */

/* Begin PBXFileReference section */
		40D25FD01F7EAD9F00D350DD /* PhotoLooker.app */ = {isa = PBXFileReference; explicitFileType = wrapper.application; includeInIndex = 0; path = PhotoLooker.app; sourceTree = BUILT_PRODUCTS_DIR; };
		40D25FD31F7EAD9F00D350DD /* AppDelegate.swift */ = {isa = PBXFileReference; lastKnownFileType = sourcecode.swift; path = AppDelegate.swift; sourceTree = "<group>"; };
		40D25FD51F7EAD9F00D350DD /* FeedController.swift */ = {isa = PBXFileReference; lastKnownFileType = sourcecode.swift; path = FeedController.swift; sourceTree = "<group>"; };
		40D25FDA1F7EAD9F00D350DD /* Assets.xcassets */ = {isa = PBXFileReference; lastKnownFileType = folder.assetcatalog; path = Assets.xcassets; sourceTree = "<group>"; };
		40D25FDD1F7EAD9F00D350DD /* Base */ = {isa = PBXFileReference; lastKnownFileType = file.storyboard; name = Base; path = Base.lproj/LaunchScreen.storyboard; sourceTree = "<group>"; };
		40D25FDF1F7EAD9F00D350DD /* Info.plist */ = {isa = PBXFileReference; lastKnownFileType = text.plist.xml; path = Info.plist; sourceTree = "<group>"; };
		40F2D4431F7EC60400634039 /* HistoryTableViewController.swift */ = {isa = PBXFileReference; fileEncoding = 4; lastKnownFileType = sourcecode.swift; path = HistoryTableViewController.swift; sourceTree = "<group>"; };
/* End PBXFileReference section */

/* Begin PBXFrameworksBuildPhase section */
		40D25FCD1F7EAD9F00D350DD /* Frameworks */ = {
			isa = PBXFrameworksBuildPhase;
			buildActionMask = 2147483647;
			files = (
			);
			runOnlyForDeploymentPostprocessing = 0;
		};
/* End PBXFrameworksBuildPhase section */

/* Begin PBXGroup section */
		40D25FC71F7EAD9F00D350DD = {
			isa = PBXGroup;
			children = (
				40D25FD21F7EAD9F00D350DD /* PhotoLooker */,
				40D25FD11F7EAD9F00D350DD /* Products */,
			);
			sourceTree = "<group>";
		};
		40D25FD11F7EAD9F00D350DD /* Products */ = {
			isa = PBXGroup;
			children = (
				40D25FD01F7EAD9F00D350DD /* PhotoLooker.app */,
			);
			name = Products;
			sourceTree = "<group>";
		};
		40D25FD21F7EAD9F00D350DD /* PhotoLooker */ = {
			isa = PBXGroup;
			children = (
				40D25FD31F7EAD9F00D350DD /* AppDelegate.swift */,
				40D25FD51F7EAD9F00D350DD /* FeedController.swift */,
				40F2D4431F7EC60400634039 /* HistoryTableViewController.swift */,
				40D25FDA1F7EAD9F00D350DD /* Assets.xcassets */,
				40D25FDC1F7EAD9F00D350DD /* LaunchScreen.storyboard */,
				40D25FDF1F7EAD9F00D350DD /* Info.plist */,
			);
			path = PhotoLooker;
			sourceTree = "<group>";
		};
/* End PBXGroup section */

/* Begin PBXNativeTarget section */
		40D25FCF1F7EAD9F00D350DD /* PhotoLooker */ = {
			isa = PBXNativeTarget;
			buildConfigurationList = 40D25FE21F7EAD9F00D350DD /* Build configuration list for PBXNativeTarget "PhotoLooker" */;
			buildPhases = (
				40D25FCC1F7EAD9F00D350DD /* Sources */,
				40D25FCD1F7EAD9F00D350DD /* Frameworks */,
				40D25FCE1F7EAD9F00D350DD /* Resources */,
			);
			buildRules = (
			);
			dependencies = (
			);
			name = PhotoLooker;
			productName = PhotoLooker;
			productReference = 40D25FD01F7EAD9F00D350DD /* PhotoLooker.app */;
			productType = "com.apple.product-type.application";
		};
/* End PBXNativeTarget section */

/* Begin PBXProject section */
		40D25FC81F7EAD9F00D350DD /* Project object */ = {
			isa = PBXProject;
			attributes = {
				LastSwiftUpdateCheck = 0830;
				LastUpgradeCheck = 0830;
				ORGANIZATIONNAME = "Bohdan Mihiliev";
				TargetAttributes = {
					40D25FCF1F7EAD9F00D350DD = {
						CreatedOnToolsVersion = 8.3.3;
						ProvisioningStyle = Automatic;
					};
				};
			};
			buildConfigurationList = 40D25FCB1F7EAD9F00D350DD /* Build configuration list for PBXProject "PhotoLooker" */;
			compatibilityVersion = "Xcode 3.2";
			developmentRegion = English;
			hasScannedForEncodings = 0;
			knownRegions = (
				en,
				Base,
			);
			mainGroup = 40D25FC71F7EAD9F00D350DD;
			productRefGroup = 40D25FD11F7EAD9F00D350DD /* Products */;
			projectDirPath = "";
			projectRoot = "";
			targets = (
				40D25FCF1F7EAD9F00D350DD /* PhotoLooker */,
			);
		};
/* End PBXProject section */

/* Begin PBXResourcesBuildPhase section */
		40D25FCE1F7EAD9F00D350DD /* Resources */ = {
			isa = PBXResourcesBuildPhase;
			buildActionMask = 2147483647;
			files = (
				40D25FDE1F7EAD9F00D350DD /* LaunchScreen.storyboard in Resources */,
				40D25FDB1F7EAD9F00D350DD /* Assets.xcassets in Resources */,
			);
			runOnlyForDeploymentPostprocessing = 0;
		};
/* End PBXResourcesBuildPhase section */

/* Begin PBXSourcesBuildPhase section */
		40D25FCC1F7EAD9F00D350DD /* Sources */ = {
			isa = PBXSourcesBuildPhase;
			buildActionMask = 2147483647;
			files = (
				40D25FD61F7EAD9F00D350DD /* FeedController.swift in Sources */,
				40F2D4441F7EC60400634039 /* HistoryTableViewController.swift in Sources */,
				40D25FD41F7EAD9F00D350DD /* AppDelegate.swift in Sources */,
			);
			runOnlyForDeploymentPostprocessing = 0;
		};
/* End PBXSourcesBuildPhase section */

/* Begin PBXVariantGroup section */
		40D25FDC1F7EAD9F00D350DD /* LaunchScreen.storyboard */ = {
			isa = PBXVariantGroup;
			children = (
				40D25FDD1F7EAD9F00D350DD /* Base */,
			);
			name = LaunchScreen.storyboard;
			sourceTree = "<group>";
		};
/* End PBXVariantGroup section */

/* Begin XCBuildConfiguration section */
		40D25FE01F7EAD9F00D350DD /* Debug */ = {
			isa = XCBuildConfiguration;
			buildSettings = {
				ALWAYS_SEARCH_USER_PATHS = NO;
				CLANG_ANALYZER_NONNULL = YES;
				CLANG_ANALYZER_NUMBER_OBJECT_CONVERSION = YES_AGGRESSIVE;
				CLANG_CXX_LANGUAGE_STANDARD = "gnu++0x";
				CLANG_CXX_LIBRARY = "libc++";
				CLANG_ENABLE_MODULES = YES;
				CLANG_ENABLE_OBJC_ARC = YES;
				CLANG_WARN_BOOL_CONVERSION = YES;
				CLANG_WARN_CONSTANT_CONVERSION = YES;
				CLANG_WARN_DIRECT_OBJC_ISA_USAGE = YES_ERROR;
				CLANG_WARN_DOCUMENTATION_COMMENTS = YES;
				CLANG_WARN_EMPTY_BODY = YES;
				CLANG_WARN_ENUM_CONVERSION = YES;
				CLANG_WARN_INFINITE_RECURSION = YES;
				CLANG_WARN_INT_CONVERSION = YES;
				CLANG_WARN_OBJC_ROOT_CLASS = YES_ERROR;
				CLANG_WARN_SUSPICIOUS_MOVE = YES;
				CLANG_WARN_UNREACHABLE_CODE = YES;
				CLANG_WARN__DUPLICATE_METHOD_MATCH = YES;
				"CODE_SIGN_IDENTITY[sdk=iphoneos*]" = "iPhone Developer";
				COPY_PHASE_STRIP = NO;
				DEBUG_INFORMATION_FORMAT = dwarf;
				ENABLE_STRICT_OBJC_MSGSEND = YES;
				ENABLE_TESTABILITY = YES;
				GCC_C_LANGUAGE_STANDARD = gnu99;
				GCC_DYNAMIC_NO_PIC = NO;
				GCC_NO_COMMON_BLOCKS = YES;
				GCC_OPTIMIZATION_LEVEL = 0;
				GCC_PREPROCESSOR_DEFINITIONS = (
					"DEBUG=1",
					"$(inherited)",
				);
				GCC_WARN_64_TO_32_BIT_CONVERSION = YES;
				GCC_WARN_ABOUT_RETURN_TYPE = YES_ERROR;
				GCC_WARN_UNDECLARED_SELECTOR = YES;
				GCC_WARN_UNINITIALIZED_AUTOS = YES_AGGRESSIVE;
				GCC_WARN_UNUSED_FUNCTION = YES;
				GCC_WARN_UNUSED_VARIABLE = YES;
				IPHONEOS_DEPLOYMENT_TARGET = 10.3;
				MTL_ENABLE_DEBUG_INFO = YES;
				ONLY_ACTIVE_ARCH = YES;
				SDKROOT = iphoneos;
				SWIFT_ACTIVE_COMPILATION_CONDITIONS = DEBUG;
				SWIFT_OPTIMIZATION_LEVEL = "-Onone";
			};
			name = Debug;
		};
		40D25FE11F7EAD9F00D350DD /* Release */ = {
			isa = XCBuildConfiguration;
			buildSettings = {
				ALWAYS_SEARCH_USER_PATHS = NO;
				CLANG_ANALYZER_NONNULL = YES;
				CLANG_ANALYZER_NUMBER_OBJECT_CONVERSION = YES_AGGRESSIVE;
				CLANG_CXX_LANGUAGE_STANDARD = "gnu++0x";
				CLANG_CXX_LIBRARY = "libc++";
				CLANG_ENABLE_MODULES = YES;
				CLANG_ENABLE_OBJC_ARC = YES;
				CLANG_WARN_BOOL_CONVERSION = YES;
				CLANG_WARN_CONSTANT_CONVERSION = YES;
				CLANG_WARN_DIRECT_OBJC_ISA_USAGE = YES_ERROR;
				CLANG_WARN_DOCUMENTATION_COMMENTS = YES;
				CLANG_WARN_EMPTY_BODY = YES;
				CLANG_WARN_ENUM_CONVERSION = YES;
				CLANG_WARN_INFINITE_RECURSION = YES;
				CLANG_WARN_INT_CONVERSION = YES;
				CLANG_WARN_OBJC_ROOT_CLASS = YES_ERROR;
				CLANG_WARN_SUSPICIOUS_MOVE = YES;
				CLANG_WARN_UNREACHABLE_CODE = YES;
				CLANG_WARN__DUPLICATE_METHOD_MATCH = YES;
				"CODE_SIGN_IDENTITY[sdk=iphoneos*]" = "iPhone Developer";
				COPY_PHASE_STRIP = NO;
				DEBUG_INFORMATION_FORMAT = "dwarf-with-dsym";
				ENABLE_NS_ASSERTIONS = NO;
				ENABLE_STRICT_OBJC_MSGSEND = YES;
				GCC_C_LANGUAGE_STANDARD = gnu99;
				GCC_NO_COMMON_BLOCKS = YES;
				GCC_WARN_64_TO_32_BIT_CONVERSION = YES;
				GCC_WARN_ABOUT_RETURN_TYPE = YES_ERROR;
				GCC_WARN_UNDECLARED_SELECTOR = YES;
				GCC_WARN_UNINITIALIZED_AUTOS = YES_AGGRESSIVE;
				GCC_WARN_UNUSED_FUNCTION = YES;
				GCC_WARN_UNUSED_VARIABLE = YES;
				IPHONEOS_DEPLOYMENT_TARGET = 10.3;
				MTL_ENABLE_DEBUG_INFO = NO;
				SDKROOT = iphoneos;
				SWIFT_OPTIMIZATION_LEVEL = "-Owholemodule";
				VALIDATE_PRODUCT = YES;
			};
			name = Release;
		};
		40D25FE31F7EAD9F00D350DD /* Debug */ = {
			isa = XCBuildConfiguration;
			buildSettings = {
				ASSETCATALOG_COMPILER_APPICON_NAME = AppIcon;
				INFOPLIST_FILE = PhotoLooker/Info.plist;
				LD_RUNPATH_SEARCH_PATHS = "$(inherited) @executable_path/Frameworks";
				PRODUCT_BUNDLE_IDENTIFIER = com.geekowl.PhotoLooker;
				PRODUCT_NAME = "$(TARGET_NAME)";
				SWIFT_VERSION = 3.0;
			};
			name = Debug;
		};
		40D25FE41F7EAD9F00D350DD /* Release */ = {
			isa = XCBuildConfiguration;
			buildSettings = {
				ASSETCATALOG_COMPILER_APPICON_NAME = AppIcon;
				INFOPLIST_FILE = PhotoLooker/Info.plist;
				LD_RUNPATH_SEARCH_PATHS = "$(inherited) @executable_path/Frameworks";
				PRODUCT_BUNDLE_IDENTIFIER = com.geekowl.PhotoLooker;
				PRODUCT_NAME = "$(TARGET_NAME)";
				SWIFT_VERSION = 3.0;
			};
			name = Release;
		};
/* End XCBuildConfiguration section */

/* Begin XCConfigurationList section */
		40D25FCB1F7EAD9F00D350DD /* Build configuration list for PBXProject "PhotoLooker" */ = {
			isa = XCConfigurationList;
			buildConfigurations = (
				40D25FE01F7EAD9F00D350DD /* Debug */,
				40D25FE11F7EAD9F00D350DD /* Release */,
			);
			defaultConfigurationIsVisible = 0;
			defaultConfigurationName = Release;
		};
		40D25FE21F7EAD9F00D350DD /* Build configuration list for PBXNativeTarget "PhotoLooker" */ = {
			isa = XCConfigurationList;
			buildConfigurations = (
				40D25FE31F7EAD9F00D350DD /* Debug */,
				40D25FE41F7EAD9F00D350DD /* Release */,
			);
			defaultConfigurationIsVisible = 0;
			defaultConfigurationName = Release;
		};
/* End XCConfigurationList section */
	};
	rootObject = 40D25FC81F7EAD9F00D350DD /* Project object */;
}
