PODS:
  - FTLinearActivityIndicator (1.0.4)
  - NVActivityIndicatorView (4.3.0):
    - NVActivityIndicatorView/Presenter (= 4.3.0)
  - NVActivityIndicatorView/Presenter (4.3.0)
  - Realm (3.7.5):
    - Realm/Headers (= 3.7.5)
  - Realm/Headers (3.7.5)
  - RealmSwift (3.7.5):
    - Realm (= 3.7.5)

DEPENDENCIES:
  - FTLinearActivityIndicator
  - NVActivityIndicatorView
  - RealmSwift

SPEC REPOS:
  https://github.com/cocoapods/specs.git:
    - FTLinearActivityIndicator
    - NVActivityIndicatorView
    - Realm
    - RealmSwift

SPEC CHECKSUMS:
  FTLinearActivityIndicator: 0c4ff2067cd67d88fd932ec214da90083ea7148e
  NVActivityIndicatorView: 963f62bf9f993fcf23218e55958e5b1761b9504c
  Realm: c286caf4dbf346ce24aad49ca76c7ce622d4a082
  RealmSwift: 2a9281e37d6de55f66f76254d49d28aeb1b729e4

PODFILE CHECKSUM: f6d7799cfa1da44db61ba601c38b52726ec426bb

COCOAPODS: 1.5.3
